
Microsoft Visual Studio Solution File, Format Version 12.00
# Visual Studio Version 17
VisualStudioVersion = 17.5.2.0
MinimumVisualStudioVersion = 10.0.40219.1
Project("{FAE04EC0-301F-11D3-BF4B-00C04F79EFBC}") = "Pixelbadger.Toolkit", "Pixelbadger.Toolkit\Pixelbadger.Toolkit.csproj", "{33A6E20B-AE38-76CF-E2EE-B699BAE7F3AD}"
EndProject
Project("{FAE04EC0-301F-11D3-BF4B-00C04F79EFBC}") = "Pixelbadger.Toolkit.Tests", "Pixelbadger.Toolkit.Tests\Pixelbadger.Toolkit.Tests.csproj", "{33230B5F-DF98-4B89-92BD-622D17B5871D}"
EndProject
Global
	GlobalSection(SolutionConfigurationPlatforms) = preSolution
		Debug|Any CPU = Debug|Any CPU
		Debug|x64 = Debug|x64
		Debug|x86 = Debug|x86
		Release|Any CPU = Release|Any CPU
		Release|x64 = Release|x64
		Release|x86 = Release|x86
	EndGlobalSection
	GlobalSection(ProjectConfigurationPlatforms) = postSolution
		{33A6E20B-AE38-76CF-E2EE-B699BAE7F3AD}.Debug|Any CPU.ActiveCfg = Debug|Any CPU
		{33A6E20B-AE38-76CF-E2EE-B699BAE7F3AD}.Debug|Any CPU.Build.0 = Debug|Any CPU
		{33A6E20B-AE38-76CF-E2EE-B699BAE7F3AD}.Debug|x64.ActiveCfg = Debug|Any CPU
		{33A6E20B-AE38-76CF-E2EE-B699BAE7F3AD}.Debug|x64.Build.0 = Debug|Any CPU
		{33A6E20B-AE38-76CF-E2EE-B699BAE7F3AD}.Debug|x86.ActiveCfg = Debug|Any CPU
		{33A6E20B-AE38-76CF-E2EE-B699BAE7F3AD}.Debug|x86.Build.0 = Debug|Any CPU
		{33A6E20B-AE38-76CF-E2EE-B699BAE7F3AD}.Release|Any CPU.ActiveCfg = Release|Any CPU
		{33A6E20B-AE38-76CF-E2EE-B699BAE7F3AD}.Release|Any CPU.Build.0 = Release|Any CPU
		{33A6E20B-AE38-76CF-E2EE-B699BAE7F3AD}.Release|x64.ActiveCfg = Release|Any CPU
		{33A6E20B-AE38-76CF-E2EE-B699BAE7F3AD}.Release|x64.Build.0 = Release|Any CPU
		{33A6E20B-AE38-76CF-E2EE-B699BAE7F3AD}.Release|x86.ActiveCfg = Release|Any CPU
		{33A6E20B-AE38-76CF-E2EE-B699BAE7F3AD}.Release|x86.Build.0 = Release|Any CPU
		{33230B5F-DF98-4B89-92BD-622D17B5871D}.Debug|Any CPU.ActiveCfg = Debug|Any CPU
		{33230B5F-DF98-4B89-92BD-622D17B5871D}.Debug|Any CPU.Build.0 = Debug|Any CPU
		{33230B5F-DF98-4B89-92BD-622D17B5871D}.Debug|x64.ActiveCfg = Debug|Any CPU
		{33230B5F-DF98-4B89-92BD-622D17B5871D}.Debug|x64.Build.0 = Debug|Any CPU
		{33230B5F-DF98-4B89-92BD-622D17B5871D}.Debug|x86.ActiveCfg = Debug|Any CPU
		{33230B5F-DF98-4B89-92BD-622D17B5871D}.Debug|x86.Build.0 = Debug|Any CPU
		{33230B5F-DF98-4B89-92BD-622D17B5871D}.Release|Any CPU.ActiveCfg = Release|Any CPU
		{33230B5F-DF98-4B89-92BD-622D17B5871D}.Release|Any CPU.Build.0 = Release|Any CPU
		{33230B5F-DF98-4B89-92BD-622D17B5871D}.Release|x64.ActiveCfg = Release|Any CPU
		{33230B5F-DF98-4B89-92BD-622D17B5871D}.Release|x64.Build.0 = Release|Any CPU
		{33230B5F-DF98-4B89-92BD-622D17B5871D}.Release|x86.ActiveCfg = Release|Any CPU
		{33230B5F-DF98-4B89-92BD-622D17B5871D}.Release|x86.Build.0 = Release|Any CPU
	EndGlobalSection
	GlobalSection(SolutionProperties) = preSolution
		HideSolutionNode = FALSE
	EndGlobalSection
	GlobalSection(ExtensibilityGlobals) = postSolution
		SolutionGuid = {8AF1D0D6-73E6-4B2E-9046-B5A25B53D1F7}
	EndGlobalSection
EndGlobal
